
Microsoft Visual Studio Solution File, Format Version 12.00
# Visual Studio 15
VisualStudioVersion = 15.0.28307.1927
MinimumVisualStudioVersion = 10.0.40219.1
Project("{FAE04EC0-301F-11D3-BF4B-00C04F79EFBC}") = "Models", "Models\Models.csproj", "{4049CE53-5865-40DE-8FA6-5343684A8639}"
EndProject
Project("{FAE04EC0-301F-11D3-BF4B-00C04F79EFBC}") = "WebCuuTro", "..\WebCuuTro\WebCuuTro.csproj", "{AB60BA94-9B3C-47C6-97FD-AF6C5ACA2B3A}"
EndProject
Global
	GlobalSection(SolutionConfigurationPlatforms) = preSolution
		Debug|Any CPU = Debug|Any CPU
		Release|Any CPU = Release|Any CPU
	EndGlobalSection
	GlobalSection(ProjectConfigurationPlatforms) = postSolution
		{4049CE53-5865-40DE-8FA6-5343684A8639}.Debug|Any CPU.ActiveCfg = Debug|Any CPU
		{4049CE53-5865-40DE-8FA6-5343684A8639}.Debug|Any CPU.Build.0 = Debug|Any CPU
		{4049CE53-5865-40DE-8FA6-5343684A8639}.Release|Any CPU.ActiveCfg = Release|Any CPU
		{4049CE53-5865-40DE-8FA6-5343684A8639}.Release|Any CPU.Build.0 = Release|Any CPU
		{AB60BA94-9B3C-47C6-97FD-AF6C5ACA2B3A}.Debug|Any CPU.ActiveCfg = Debug|Any CPU
		{AB60BA94-9B3C-47C6-97FD-AF6C5ACA2B3A}.Debug|Any CPU.Build.0 = Debug|Any CPU
		{AB60BA94-9B3C-47C6-97FD-AF6C5ACA2B3A}.Release|Any CPU.ActiveCfg = Release|Any CPU
		{AB60BA94-9B3C-47C6-97FD-AF6C5ACA2B3A}.Release|Any CPU.Build.0 = Release|Any CPU
	EndGlobalSection
	GlobalSection(SolutionProperties) = preSolution
		HideSolutionNode = FALSE
	EndGlobalSection
	GlobalSection(ExtensibilityGlobals) = postSolution
		SolutionGuid = {9E8A01AF-6011-4AD1-9974-2FBF562396B9}
	EndGlobalSection
EndGlobal
